
Microsoft Visual Studio Solution File, Format Version 12.00
# Visual Studio Version 17
VisualStudioVersion = 17.4.33213.308
MinimumVisualStudioVersion = 10.0.40219.1
Project("{FAE04EC0-301F-11D3-BF4B-00C04F79EFBC}") = "Lab_Routing_5", "Lab_Routing_5\Lab_Routing_5.csproj", "{C5199278-D108-469B-A0BD-55A5305184F1}"
EndProject
Project("{2150E333-8FDC-42A3-9474-1A3956D46DE8}") = "Элементы решения", "Элементы решения", "{44867057-62A0-4236-8FE6-3A4329F0DE94}"
	ProjectSection(SolutionItems) = preProject
		Tasks.txt = Tasks.txt
	EndProjectSection
EndProject
Global
	GlobalSection(SolutionConfigurationPlatforms) = preSolution
		Debug|Any CPU = Debug|Any CPU
		Release|Any CPU = Release|Any CPU
	EndGlobalSection
	GlobalSection(ProjectConfigurationPlatforms) = postSolution
		{C5199278-D108-469B-A0BD-55A5305184F1}.Debug|Any CPU.ActiveCfg = Debug|Any CPU
		{C5199278-D108-469B-A0BD-55A5305184F1}.Debug|Any CPU.Build.0 = Debug|Any CPU
		{C5199278-D108-469B-A0BD-55A5305184F1}.Release|Any CPU.ActiveCfg = Release|Any CPU
		{C5199278-D108-469B-A0BD-55A5305184F1}.Release|Any CPU.Build.0 = Release|Any CPU
	EndGlobalSection
	GlobalSection(SolutionProperties) = preSolution
		HideSolutionNode = FALSE
	EndGlobalSection
	GlobalSection(ExtensibilityGlobals) = postSolution
		SolutionGuid = {0DF67D7B-72EF-4362-82B7-099A0B9525F0}
	EndGlobalSection
EndGlobal
